
Microsoft Visual Studio Solution File, Format Version 12.00
# Visual Studio Version 17
VisualStudioVersion = 17.1.32414.318
MinimumVisualStudioVersion = 10.0.40219.1
Project("{FAE04EC0-301F-11D3-BF4B-00C04F79EFBC}") = "UIElement", "UIElement.csproj", "{4AAB2FAE-838B-4531-9682-941F7839CF8B}"
EndProject
Global
	GlobalSection(SolutionConfigurationPlatforms) = preSolution
		Debug|Any CPU = Debug|Any CPU
		Release|Any CPU = Release|Any CPU
	EndGlobalSection
	GlobalSection(ProjectConfigurationPlatforms) = postSolution
		{4AAB2FAE-838B-4531-9682-941F7839CF8B}.Debug|Any CPU.ActiveCfg = Debug|Any CPU
		{4AAB2FAE-838B-4531-9682-941F7839CF8B}.Debug|Any CPU.Build.0 = Debug|Any CPU
		{4AAB2FAE-838B-4531-9682-941F7839CF8B}.Release|Any CPU.ActiveCfg = Release|Any CPU
		{4AAB2FAE-838B-4531-9682-941F7839CF8B}.Release|Any CPU.Build.0 = Release|Any CPU
	EndGlobalSection
	GlobalSection(SolutionProperties) = preSolution
		HideSolutionNode = FALSE
	EndGlobalSection
	GlobalSection(ExtensibilityGlobals) = postSolution
		SolutionGuid = {ECAF95BF-73CD-4478-9C70-E2C7E55B628D}
	EndGlobalSection
EndGlobal
