
Microsoft Visual Studio Solution File, Format Version 12.00
# Visual Studio Version 17
VisualStudioVersion = 17.1.32414.318
MinimumVisualStudioVersion = 10.0.40219.1
Project("{FAE04EC0-301F-11D3-BF4B-00C04F79EFBC}") = "Subarray of number repetitions", "Subarray of number repetitions.csproj", "{002018A7-FC71-4822-9C8A-1A353F94B8E6}"
EndProject
Global
	GlobalSection(SolutionConfigurationPlatforms) = preSolution
		Debug|Any CPU = Debug|Any CPU
		Release|Any CPU = Release|Any CPU
	EndGlobalSection
	GlobalSection(ProjectConfigurationPlatforms) = postSolution
		{002018A7-FC71-4822-9C8A-1A353F94B8E6}.Debug|Any CPU.ActiveCfg = Debug|Any CPU
		{002018A7-FC71-4822-9C8A-1A353F94B8E6}.Debug|Any CPU.Build.0 = Debug|Any CPU
		{002018A7-FC71-4822-9C8A-1A353F94B8E6}.Release|Any CPU.ActiveCfg = Release|Any CPU
		{002018A7-FC71-4822-9C8A-1A353F94B8E6}.Release|Any CPU.Build.0 = Release|Any CPU
	EndGlobalSection
	GlobalSection(SolutionProperties) = preSolution
		HideSolutionNode = FALSE
	EndGlobalSection
	GlobalSection(ExtensibilityGlobals) = postSolution
		SolutionGuid = {622F41A9-3FB3-4673-8703-9EB1EF19A683}
	EndGlobalSection
EndGlobal
