
Microsoft Visual Studio Solution File, Format Version 12.00
# Visual Studio Version 17
VisualStudioVersion = 17.1.32414.318
MinimumVisualStudioVersion = 10.0.40219.1
Project("{FAE04EC0-301F-11D3-BF4B-00C04F79EFBC}") = "Multiples", "Multiples.csproj", "{FBE360C5-1D5F-4BB1-A24E-51F4787C4717}"
EndProject
Global
	GlobalSection(SolutionConfigurationPlatforms) = preSolution
		Debug|Any CPU = Debug|Any CPU
		Release|Any CPU = Release|Any CPU
	EndGlobalSection
	GlobalSection(ProjectConfigurationPlatforms) = postSolution
		{FBE360C5-1D5F-4BB1-A24E-51F4787C4717}.Debug|Any CPU.ActiveCfg = Debug|Any CPU
		{FBE360C5-1D5F-4BB1-A24E-51F4787C4717}.Debug|Any CPU.Build.0 = Debug|Any CPU
		{FBE360C5-1D5F-4BB1-A24E-51F4787C4717}.Release|Any CPU.ActiveCfg = Release|Any CPU
		{FBE360C5-1D5F-4BB1-A24E-51F4787C4717}.Release|Any CPU.Build.0 = Release|Any CPU
	EndGlobalSection
	GlobalSection(SolutionProperties) = preSolution
		HideSolutionNode = FALSE
	EndGlobalSection
	GlobalSection(ExtensibilityGlobals) = postSolution
		SolutionGuid = {4D3C76DF-0270-4257-82FF-D16AC5D15410}
	EndGlobalSection
EndGlobal
