
Microsoft Visual Studio Solution File, Format Version 12.00
# Visual Studio Version 17
VisualStudioVersion = 17.2.32526.322
MinimumVisualStudioVersion = 10.0.40219.1
Project("{FAE04EC0-301F-11D3-BF4B-00C04F79EFBC}") = "Top server players", "Top server players.csproj", "{71A582F4-31C5-488B-85C2-DF5B50D1E971}"
EndProject
Global
	GlobalSection(SolutionConfigurationPlatforms) = preSolution
		Debug|Any CPU = Debug|Any CPU
		Release|Any CPU = Release|Any CPU
	EndGlobalSection
	GlobalSection(ProjectConfigurationPlatforms) = postSolution
		{71A582F4-31C5-488B-85C2-DF5B50D1E971}.Debug|Any CPU.ActiveCfg = Debug|Any CPU
		{71A582F4-31C5-488B-85C2-DF5B50D1E971}.Debug|Any CPU.Build.0 = Debug|Any CPU
		{71A582F4-31C5-488B-85C2-DF5B50D1E971}.Release|Any CPU.ActiveCfg = Release|Any CPU
		{71A582F4-31C5-488B-85C2-DF5B50D1E971}.Release|Any CPU.Build.0 = Release|Any CPU
	EndGlobalSection
	GlobalSection(SolutionProperties) = preSolution
		HideSolutionNode = FALSE
	EndGlobalSection
	GlobalSection(ExtensibilityGlobals) = postSolution
		SolutionGuid = {705BAA42-C0FF-4376-96D5-5ACDEA30C9C8}
	EndGlobalSection
EndGlobal
