
Microsoft Visual Studio Solution File, Format Version 12.00
# Visual Studio Version 17
VisualStudioVersion = 17.1.32414.318
MinimumVisualStudioVersion = 10.0.40219.1
Project("{FAE04EC0-301F-11D3-BF4B-00C04F79EFBC}") = "Passenger train configurator", "Passenger train configurator.csproj", "{D215123D-158E-477C-9AE9-57A40EE9E580}"
EndProject
Global
	GlobalSection(SolutionConfigurationPlatforms) = preSolution
		Debug|Any CPU = Debug|Any CPU
		Release|Any CPU = Release|Any CPU
	EndGlobalSection
	GlobalSection(ProjectConfigurationPlatforms) = postSolution
		{D215123D-158E-477C-9AE9-57A40EE9E580}.Debug|Any CPU.ActiveCfg = Debug|Any CPU
		{D215123D-158E-477C-9AE9-57A40EE9E580}.Debug|Any CPU.Build.0 = Debug|Any CPU
		{D215123D-158E-477C-9AE9-57A40EE9E580}.Release|Any CPU.ActiveCfg = Release|Any CPU
		{D215123D-158E-477C-9AE9-57A40EE9E580}.Release|Any CPU.Build.0 = Release|Any CPU
	EndGlobalSection
	GlobalSection(SolutionProperties) = preSolution
		HideSolutionNode = FALSE
	EndGlobalSection
	GlobalSection(ExtensibilityGlobals) = postSolution
		SolutionGuid = {14CE9076-B249-4967-898E-3F6A2A770F9A}
	EndGlobalSection
EndGlobal
