
Microsoft Visual Studio Solution File, Format Version 12.00
# Visual Studio Version 17
VisualStudioVersion = 17.1.32414.318
MinimumVisualStudioVersion = 10.0.40219.1
Project("{FAE04EC0-301F-11D3-BF4B-00C04F79EFBC}") = "Sorting numbers", "Sorting numbers.csproj", "{B83195CD-2AF5-4223-9CDA-CE76B7415A93}"
EndProject
Global
	GlobalSection(SolutionConfigurationPlatforms) = preSolution
		Debug|Any CPU = Debug|Any CPU
		Release|Any CPU = Release|Any CPU
	EndGlobalSection
	GlobalSection(ProjectConfigurationPlatforms) = postSolution
		{B83195CD-2AF5-4223-9CDA-CE76B7415A93}.Debug|Any CPU.ActiveCfg = Debug|Any CPU
		{B83195CD-2AF5-4223-9CDA-CE76B7415A93}.Debug|Any CPU.Build.0 = Debug|Any CPU
		{B83195CD-2AF5-4223-9CDA-CE76B7415A93}.Release|Any CPU.ActiveCfg = Release|Any CPU
		{B83195CD-2AF5-4223-9CDA-CE76B7415A93}.Release|Any CPU.Build.0 = Release|Any CPU
	EndGlobalSection
	GlobalSection(SolutionProperties) = preSolution
		HideSolutionNode = FALSE
	EndGlobalSection
	GlobalSection(ExtensibilityGlobals) = postSolution
		SolutionGuid = {9BEF55D3-50DB-46F1-AE12-4A1689FF6CC9}
	EndGlobalSection
EndGlobal
