
Microsoft Visual Studio Solution File, Format Version 12.00
# Visual Studio Version 17
VisualStudioVersion = 17.1.32414.318
MinimumVisualStudioVersion = 10.0.40219.1
Project("{FAE04EC0-301F-11D3-BF4B-00C04F79EFBC}") = "Practice with multidimensional array", "Practice with multidimensional array.csproj", "{60833E2A-8E7A-4DDB-B25F-0BA088821FD2}"
EndProject
Global
	GlobalSection(SolutionConfigurationPlatforms) = preSolution
		Debug|Any CPU = Debug|Any CPU
		Release|Any CPU = Release|Any CPU
	EndGlobalSection
	GlobalSection(ProjectConfigurationPlatforms) = postSolution
		{60833E2A-8E7A-4DDB-B25F-0BA088821FD2}.Debug|Any CPU.ActiveCfg = Debug|Any CPU
		{60833E2A-8E7A-4DDB-B25F-0BA088821FD2}.Debug|Any CPU.Build.0 = Debug|Any CPU
		{60833E2A-8E7A-4DDB-B25F-0BA088821FD2}.Release|Any CPU.ActiveCfg = Release|Any CPU
		{60833E2A-8E7A-4DDB-B25F-0BA088821FD2}.Release|Any CPU.Build.0 = Release|Any CPU
	EndGlobalSection
	GlobalSection(SolutionProperties) = preSolution
		HideSolutionNode = FALSE
	EndGlobalSection
	GlobalSection(ExtensibilityGlobals) = postSolution
		SolutionGuid = {173D9B39-6629-4B6A-B534-A0D82D24528D}
	EndGlobalSection
EndGlobal
