
Microsoft Visual Studio Solution File, Format Version 12.00
# Visual Studio Version 17
VisualStudioVersion = 17.2.32519.379
MinimumVisualStudioVersion = 10.0.40219.1
Project("{FAE04EC0-301F-11D3-BF4B-00C04F79EFBC}") = "Supermarket", "Supermarket.csproj", "{1671894C-9987-4DB5-BCE3-4B7EBFC45E62}"
EndProject
Global
	GlobalSection(SolutionConfigurationPlatforms) = preSolution
		Debug|Any CPU = Debug|Any CPU
		Release|Any CPU = Release|Any CPU
	EndGlobalSection
	GlobalSection(ProjectConfigurationPlatforms) = postSolution
		{1671894C-9987-4DB5-BCE3-4B7EBFC45E62}.Debug|Any CPU.ActiveCfg = Debug|Any CPU
		{1671894C-9987-4DB5-BCE3-4B7EBFC45E62}.Debug|Any CPU.Build.0 = Debug|Any CPU
		{1671894C-9987-4DB5-BCE3-4B7EBFC45E62}.Release|Any CPU.ActiveCfg = Release|Any CPU
		{1671894C-9987-4DB5-BCE3-4B7EBFC45E62}.Release|Any CPU.Build.0 = Release|Any CPU
	EndGlobalSection
	GlobalSection(SolutionProperties) = preSolution
		HideSolutionNode = FALSE
	EndGlobalSection
	GlobalSection(ExtensibilityGlobals) = postSolution
		SolutionGuid = {C9192821-BF43-41B1-898F-9DB56FEF3931}
	EndGlobalSection
EndGlobal
