
Microsoft Visual Studio Solution File, Format Version 12.00
# Visual Studio Version 17
VisualStudioVersion = 17.2.32526.322
MinimumVisualStudioVersion = 10.0.40219.1
Project("{FAE04EC0-301F-11D3-BF4B-00C04F79EFBC}") = "Definition of overdue", "Definition of overdue.csproj", "{7B411894-C8BA-49BF-8755-2B4712DB63B3}"
EndProject
Global
	GlobalSection(SolutionConfigurationPlatforms) = preSolution
		Debug|Any CPU = Debug|Any CPU
		Release|Any CPU = Release|Any CPU
	EndGlobalSection
	GlobalSection(ProjectConfigurationPlatforms) = postSolution
		{7B411894-C8BA-49BF-8755-2B4712DB63B3}.Debug|Any CPU.ActiveCfg = Debug|Any CPU
		{7B411894-C8BA-49BF-8755-2B4712DB63B3}.Debug|Any CPU.Build.0 = Debug|Any CPU
		{7B411894-C8BA-49BF-8755-2B4712DB63B3}.Release|Any CPU.ActiveCfg = Release|Any CPU
		{7B411894-C8BA-49BF-8755-2B4712DB63B3}.Release|Any CPU.Build.0 = Release|Any CPU
	EndGlobalSection
	GlobalSection(SolutionProperties) = preSolution
		HideSolutionNode = FALSE
	EndGlobalSection
	GlobalSection(ExtensibilityGlobals) = postSolution
		SolutionGuid = {EA1BEE76-63E7-431F-BE69-F0D062061602}
	EndGlobalSection
EndGlobal
