
Microsoft Visual Studio Solution File, Format Version 12.00
# Visual Studio Version 17
VisualStudioVersion = 17.2.32526.322
MinimumVisualStudioVersion = 10.0.40219.1
Project("{FAE04EC0-301F-11D3-BF4B-00C04F79EFBC}") = "Unification of troops", "Unification of troops.csproj", "{4A1FE28E-EBBE-48C4-82CE-4AC7ADA727FC}"
EndProject
Global
	GlobalSection(SolutionConfigurationPlatforms) = preSolution
		Debug|Any CPU = Debug|Any CPU
		Release|Any CPU = Release|Any CPU
	EndGlobalSection
	GlobalSection(ProjectConfigurationPlatforms) = postSolution
		{4A1FE28E-EBBE-48C4-82CE-4AC7ADA727FC}.Debug|Any CPU.ActiveCfg = Debug|Any CPU
		{4A1FE28E-EBBE-48C4-82CE-4AC7ADA727FC}.Debug|Any CPU.Build.0 = Debug|Any CPU
		{4A1FE28E-EBBE-48C4-82CE-4AC7ADA727FC}.Release|Any CPU.ActiveCfg = Release|Any CPU
		{4A1FE28E-EBBE-48C4-82CE-4AC7ADA727FC}.Release|Any CPU.Build.0 = Release|Any CPU
	EndGlobalSection
	GlobalSection(SolutionProperties) = preSolution
		HideSolutionNode = FALSE
	EndGlobalSection
	GlobalSection(ExtensibilityGlobals) = postSolution
		SolutionGuid = {69C52BC9-C33E-4CF1-9C1B-A755B03F6C76}
	EndGlobalSection
EndGlobal
