
Microsoft Visual Studio Solution File, Format Version 12.00
# Visual Studio Version 17
VisualStudioVersion = 17.1.32414.318
MinimumVisualStudioVersion = 10.0.40219.1
Project("{FAE04EC0-301F-11D3-BF4B-00C04F79EFBC}") = "Queue at the store", "Queue at the store.csproj", "{FC52356E-5C8D-4403-93C6-9383A2207750}"
EndProject
Global
	GlobalSection(SolutionConfigurationPlatforms) = preSolution
		Debug|Any CPU = Debug|Any CPU
		Release|Any CPU = Release|Any CPU
	EndGlobalSection
	GlobalSection(ProjectConfigurationPlatforms) = postSolution
		{FC52356E-5C8D-4403-93C6-9383A2207750}.Debug|Any CPU.ActiveCfg = Debug|Any CPU
		{FC52356E-5C8D-4403-93C6-9383A2207750}.Debug|Any CPU.Build.0 = Debug|Any CPU
		{FC52356E-5C8D-4403-93C6-9383A2207750}.Release|Any CPU.ActiveCfg = Release|Any CPU
		{FC52356E-5C8D-4403-93C6-9383A2207750}.Release|Any CPU.Build.0 = Release|Any CPU
	EndGlobalSection
	GlobalSection(SolutionProperties) = preSolution
		HideSolutionNode = FALSE
	EndGlobalSection
	GlobalSection(ExtensibilityGlobals) = postSolution
		SolutionGuid = {E817B3C2-3589-4E20-8333-D7D1BA5C52DE}
	EndGlobalSection
EndGlobal
