
Microsoft Visual Studio Solution File, Format Version 12.00
# Visual Studio Version 17
VisualStudioVersion = 17.1.32414.318
MinimumVisualStudioVersion = 10.0.40219.1
Project("{FAE04EC0-301F-11D3-BF4B-00C04F79EFBC}") = "Degree of two", "Degree of two.csproj", "{DB43DE65-0BA7-4B56-9305-02467DE91979}"
EndProject
Global
	GlobalSection(SolutionConfigurationPlatforms) = preSolution
		Debug|Any CPU = Debug|Any CPU
		Release|Any CPU = Release|Any CPU
	EndGlobalSection
	GlobalSection(ProjectConfigurationPlatforms) = postSolution
		{DB43DE65-0BA7-4B56-9305-02467DE91979}.Debug|Any CPU.ActiveCfg = Debug|Any CPU
		{DB43DE65-0BA7-4B56-9305-02467DE91979}.Debug|Any CPU.Build.0 = Debug|Any CPU
		{DB43DE65-0BA7-4B56-9305-02467DE91979}.Release|Any CPU.ActiveCfg = Release|Any CPU
		{DB43DE65-0BA7-4B56-9305-02467DE91979}.Release|Any CPU.Build.0 = Release|Any CPU
	EndGlobalSection
	GlobalSection(SolutionProperties) = preSolution
		HideSolutionNode = FALSE
	EndGlobalSection
	GlobalSection(ExtensibilityGlobals) = postSolution
		SolutionGuid = {E48CCA40-6128-4687-BCFF-CD166D61AB1E}
	EndGlobalSection
EndGlobal
