
Microsoft Visual Studio Solution File, Format Version 12.00
# Visual Studio Version 17
VisualStudioVersion = 17.2.32516.85
MinimumVisualStudioVersion = 10.0.40219.1
Project("{FAE04EC0-301F-11D3-BF4B-00C04F79EFBC}") = "Book storage", "Book storage.csproj", "{40723CDD-2812-4BAB-8166-FCCC5E7AC4D5}"
EndProject
Global
	GlobalSection(SolutionConfigurationPlatforms) = preSolution
		Debug|Any CPU = Debug|Any CPU
		Release|Any CPU = Release|Any CPU
	EndGlobalSection
	GlobalSection(ProjectConfigurationPlatforms) = postSolution
		{40723CDD-2812-4BAB-8166-FCCC5E7AC4D5}.Debug|Any CPU.ActiveCfg = Debug|Any CPU
		{40723CDD-2812-4BAB-8166-FCCC5E7AC4D5}.Debug|Any CPU.Build.0 = Debug|Any CPU
		{40723CDD-2812-4BAB-8166-FCCC5E7AC4D5}.Release|Any CPU.ActiveCfg = Release|Any CPU
		{40723CDD-2812-4BAB-8166-FCCC5E7AC4D5}.Release|Any CPU.Build.0 = Release|Any CPU
	EndGlobalSection
	GlobalSection(SolutionProperties) = preSolution
		HideSolutionNode = FALSE
	EndGlobalSection
	GlobalSection(ExtensibilityGlobals) = postSolution
		SolutionGuid = {C2BAA9FB-9365-44A2-AFA5-2BDB869D1DFA}
	EndGlobalSection
EndGlobal
